// !$*UTF8*$!
{
	archiveVersion = 1;
	classes = {
	};
	objectVersion = 56;
	objects = {

/* Begin PBXBuildFile section */
		A01ADE692B075B7D00598D17 /* Thread_Torture_Tests.docc in Sources */ = {isa = PBXBuildFile; fileRef = A01ADE682B075B7D00598D17 /* Thread_Torture_Tests.docc */; };
		A01ADE6F2B075B7D00598D17 /* Thread_Torture.framework in Frameworks */ = {isa = PBXBuildFile; fileRef = A01ADE642B075B7D00598D17 /* Thread_Torture.framework */; };
		A01ADE742B075B7D00598D17 /* StaticResourceTortureTests.swift in Sources */ = {isa = PBXBuildFile; fileRef = A01ADE732B075B7D00598D17 /* StaticResourceTortureTests.swift */; };
		A01ADE752B075B7E00598D17 /* Thread_Torture_Tests.h in Headers */ = {isa = PBXBuildFile; fileRef = A01ADE672B075B7D00598D17 /* Thread_Torture_Tests.h */; settings = {ATTRIBUTES = (Public, ); }; };
		A01ADE7F2B07958600598D17 /* CustomGlobalActorTortureTests.swift in Sources */ = {isa = PBXBuildFile; fileRef = A01ADE7E2B07958600598D17 /* CustomGlobalActorTortureTests.swift */; };
		A0C642D62B1B38D50049E176 /* FormatterBuilder.swift in Sources */ = {isa = PBXBuildFile; fileRef = A0C642D52B1B38D50049E176 /* FormatterBuilder.swift */; };
		A0C642D82B1B38FD0049E176 /* CustomActorFormatter.swift in Sources */ = {isa = PBXBuildFile; fileRef = A0C642D72B1B38FD0049E176 /* CustomActorFormatter.swift */; };
		A0C642DA2B1B3A1B0049E176 /* ActorFormatter.swift in Sources */ = {isa = PBXBuildFile; fileRef = A0C642D92B1B3A1B0049E176 /* ActorFormatter.swift */; };
		A0C642DC2B1D2A4A0049E176 /* NonActorFormatter.swift in Sources */ = {isa = PBXBuildFile; fileRef = A0C642DB2B1D2A4A0049E176 /* NonActorFormatter.swift */; };
/* End PBXBuildFile section */

/* Begin PBXContainerItemProxy section */
		A01ADE702B075B7D00598D17 /* PBXContainerItemProxy */ = {
			isa = PBXContainerItemProxy;
			containerPortal = A01ADE5B2B075B7D00598D17 /* Project object */;
			proxyType = 1;
			remoteGlobalIDString = A01ADE632B075B7D00598D17;
			remoteInfo = "Thread Torture Tests";
		};
/* End PBXContainerItemProxy section */

/* Begin PBXFileReference section */
		A01ADE642B075B7D00598D17 /* Thread_Torture.framework */ = {isa = PBXFileReference; explicitFileType = wrapper.framework; includeInIndex = 0; path = Thread_Torture.framework; sourceTree = BUILT_PRODUCTS_DIR; };
		A01ADE672B075B7D00598D17 /* Thread_Torture_Tests.h */ = {isa = PBXFileReference; lastKnownFileType = sourcecode.c.h; path = Thread_Torture_Tests.h; sourceTree = "<group>"; };
		A01ADE682B075B7D00598D17 /* Thread_Torture_Tests.docc */ = {isa = PBXFileReference; lastKnownFileType = folder.documentationcatalog; path = Thread_Torture_Tests.docc; sourceTree = "<group>"; };
		A01ADE6E2B075B7D00598D17 /* Thread TortureTests.xctest */ = {isa = PBXFileReference; explicitFileType = wrapper.cfbundle; includeInIndex = 0; path = "Thread TortureTests.xctest"; sourceTree = BUILT_PRODUCTS_DIR; };
		A01ADE732B075B7D00598D17 /* StaticResourceTortureTests.swift */ = {isa = PBXFileReference; lastKnownFileType = sourcecode.swift; path = StaticResourceTortureTests.swift; sourceTree = "<group>"; };
		A01ADE7E2B07958600598D17 /* CustomGlobalActorTortureTests.swift */ = {isa = PBXFileReference; lastKnownFileType = sourcecode.swift; path = CustomGlobalActorTortureTests.swift; sourceTree = "<group>"; };
		A0C642D52B1B38D50049E176 /* FormatterBuilder.swift */ = {isa = PBXFileReference; lastKnownFileType = sourcecode.swift; path = FormatterBuilder.swift; sourceTree = "<group>"; };
		A0C642D72B1B38FD0049E176 /* CustomActorFormatter.swift */ = {isa = PBXFileReference; lastKnownFileType = sourcecode.swift; path = CustomActorFormatter.swift; sourceTree = "<group>"; };
		A0C642D92B1B3A1B0049E176 /* ActorFormatter.swift */ = {isa = PBXFileReference; lastKnownFileType = sourcecode.swift; path = ActorFormatter.swift; sourceTree = "<group>"; };
		A0C642DB2B1D2A4A0049E176 /* NonActorFormatter.swift */ = {isa = PBXFileReference; lastKnownFileType = sourcecode.swift; path = NonActorFormatter.swift; sourceTree = "<group>"; };
/* End PBXFileReference section */

/* Begin PBXFrameworksBuildPhase section */
		A01ADE612B075B7D00598D17 /* Frameworks */ = {
			isa = PBXFrameworksBuildPhase;
			buildActionMask = 2147483647;
			files = (
			);
			runOnlyForDeploymentPostprocessing = 0;
		};
		A01ADE6B2B075B7D00598D17 /* Frameworks */ = {
			isa = PBXFrameworksBuildPhase;
			buildActionMask = 2147483647;
			files = (
				A01ADE6F2B075B7D00598D17 /* Thread_Torture.framework in Frameworks */,
			);
			runOnlyForDeploymentPostprocessing = 0;
		};
/* End PBXFrameworksBuildPhase section */

/* Begin PBXGroup section */
		A01ADE5A2B075B7D00598D17 = {
			isa = PBXGroup;
			children = (
				A01ADE662B075B7D00598D17 /* Thread Torture */,
				A01ADE722B075B7D00598D17 /* Thread Torture Tests */,
				A01ADE652B075B7D00598D17 /* Products */,
			);
			sourceTree = "<group>";
		};
		A01ADE652B075B7D00598D17 /* Products */ = {
			isa = PBXGroup;
			children = (
				A01ADE642B075B7D00598D17 /* Thread_Torture.framework */,
				A01ADE6E2B075B7D00598D17 /* Thread TortureTests.xctest */,
			);
			name = Products;
			sourceTree = "<group>";
		};
		A01ADE662B075B7D00598D17 /* Thread Torture */ = {
			isa = PBXGroup;
			children = (
				A01ADE672B075B7D00598D17 /* Thread_Torture_Tests.h */,
				A01ADE682B075B7D00598D17 /* Thread_Torture_Tests.docc */,
			);
			path = "Thread Torture";
			sourceTree = "<group>";
		};
		A01ADE722B075B7D00598D17 /* Thread Torture Tests */ = {
			isa = PBXGroup;
			children = (
				A0C642D42B1B38B30049E176 /* ExtensionTests */,
				A01ADE7E2B07958600598D17 /* CustomGlobalActorTortureTests.swift */,
			);
			path = "Thread Torture Tests";
			sourceTree = "<group>";
		};
		A0C642D42B1B38B30049E176 /* ExtensionTests */ = {
			isa = PBXGroup;
			children = (
				A01ADE732B075B7D00598D17 /* StaticResourceTortureTests.swift */,
				A0C642D52B1B38D50049E176 /* FormatterBuilder.swift */,
				A0C642DB2B1D2A4A0049E176 /* NonActorFormatter.swift */,
				A0C642D92B1B3A1B0049E176 /* ActorFormatter.swift */,
				A0C642D72B1B38FD0049E176 /* CustomActorFormatter.swift */,
			);
			path = ExtensionTests;
			sourceTree = "<group>";
		};
/* End PBXGroup section */

/* Begin PBXHeadersBuildPhase section */
		A01ADE5F2B075B7D00598D17 /* Headers */ = {
			isa = PBXHeadersBuildPhase;
			buildActionMask = 2147483647;
			files = (
				A01ADE752B075B7E00598D17 /* Thread_Torture_Tests.h in Headers */,
			);
			runOnlyForDeploymentPostprocessing = 0;
		};
/* End PBXHeadersBuildPhase section */

/* Begin PBXNativeTarget section */
		A01ADE632B075B7D00598D17 /* Thread Torture */ = {
			isa = PBXNativeTarget;
			buildConfigurationList = A01ADE782B075B7E00598D17 /* Build configuration list for PBXNativeTarget "Thread Torture" */;
			buildPhases = (
				A01ADE5F2B075B7D00598D17 /* Headers */,
				A01ADE602B075B7D00598D17 /* Sources */,
				A01ADE612B075B7D00598D17 /* Frameworks */,
				A01ADE622B075B7D00598D17 /* Resources */,
			);
			buildRules = (
			);
			dependencies = (
			);
			name = "Thread Torture";
			productName = "Thread Torture Tests";
			productReference = A01ADE642B075B7D00598D17 /* Thread_Torture.framework */;
			productType = "com.apple.product-type.framework";
		};
		A01ADE6D2B075B7D00598D17 /* Thread TortureTests */ = {
			isa = PBXNativeTarget;
			buildConfigurationList = A01ADE7B2B075B7E00598D17 /* Build configuration list for PBXNativeTarget "Thread TortureTests" */;
			buildPhases = (
				A01ADE6A2B075B7D00598D17 /* Sources */,
				A01ADE6B2B075B7D00598D17 /* Frameworks */,
				A01ADE6C2B075B7D00598D17 /* Resources */,
			);
			buildRules = (
			);
			dependencies = (
				A01ADE712B075B7D00598D17 /* PBXTargetDependency */,
			);
			name = "Thread TortureTests";
			productName = "Thread Torture TestsTests";
			productReference = A01ADE6E2B075B7D00598D17 /* Thread TortureTests.xctest */;
			productType = "com.apple.product-type.bundle.unit-test";
		};
/* End PBXNativeTarget section */

/* Begin PBXProject section */
		A01ADE5B2B075B7D00598D17 /* Project object */ = {
			isa = PBXProject;
			attributes = {
				BuildIndependentTargetsInParallel = 1;
				LastSwiftUpdateCheck = 1500;
				LastUpgradeCheck = 1500;
				TargetAttributes = {
					A01ADE632B075B7D00598D17 = {
						CreatedOnToolsVersion = 15.0;
					};
					A01ADE6D2B075B7D00598D17 = {
						CreatedOnToolsVersion = 15.0;
					};
				};
			};
			buildConfigurationList = A01ADE5E2B075B7D00598D17 /* Build configuration list for PBXProject "Thread Torture" */;
			compatibilityVersion = "Xcode 14.0";
			developmentRegion = en;
			hasScannedForEncodings = 0;
			knownRegions = (
				en,
				Base,
			);
			mainGroup = A01ADE5A2B075B7D00598D17;
			productRefGroup = A01ADE652B075B7D00598D17 /* Products */;
			projectDirPath = "";
			projectRoot = "";
			targets = (
				A01ADE632B075B7D00598D17 /* Thread Torture */,
				A01ADE6D2B075B7D00598D17 /* Thread TortureTests */,
			);
		};
/* End PBXProject section */

/* Begin PBXResourcesBuildPhase section */
		A01ADE622B075B7D00598D17 /* Resources */ = {
			isa = PBXResourcesBuildPhase;
			buildActionMask = 2147483647;
			files = (
			);
			runOnlyForDeploymentPostprocessing = 0;
		};
		A01ADE6C2B075B7D00598D17 /* Resources */ = {
			isa = PBXResourcesBuildPhase;
			buildActionMask = 2147483647;
			files = (
			);
			runOnlyForDeploymentPostprocessing = 0;
		};
/* End PBXResourcesBuildPhase section */

/* Begin PBXSourcesBuildPhase section */
		A01ADE602B075B7D00598D17 /* Sources */ = {
			isa = PBXSourcesBuildPhase;
			buildActionMask = 2147483647;
			files = (
				A01ADE692B075B7D00598D17 /* Thread_Torture_Tests.docc in Sources */,
			);
			runOnlyForDeploymentPostprocessing = 0;
		};
		A01ADE6A2B075B7D00598D17 /* Sources */ = {
			isa = PBXSourcesBuildPhase;
			buildActionMask = 2147483647;
			files = (
				A0C642D82B1B38FD0049E176 /* CustomActorFormatter.swift in Sources */,
				A0C642DA2B1B3A1B0049E176 /* ActorFormatter.swift in Sources */,
				A0C642DC2B1D2A4A0049E176 /* NonActorFormatter.swift in Sources */,
				A01ADE742B075B7D00598D17 /* StaticResourceTortureTests.swift in Sources */,
				A01ADE7F2B07958600598D17 /* CustomGlobalActorTortureTests.swift in Sources */,
				A0C642D62B1B38D50049E176 /* FormatterBuilder.swift in Sources */,
			);
			runOnlyForDeploymentPostprocessing = 0;
		};
/* End PBXSourcesBuildPhase section */

/* Begin PBXTargetDependency section */
		A01ADE712B075B7D00598D17 /* PBXTargetDependency */ = {
			isa = PBXTargetDependency;
			target = A01ADE632B075B7D00598D17 /* Thread Torture */;
			targetProxy = A01ADE702B075B7D00598D17 /* PBXContainerItemProxy */;
		};
/* End PBXTargetDependency section */

/* Begin XCBuildConfiguration section */
		A01ADE762B075B7E00598D17 /* Debug */ = {
			isa = XCBuildConfiguration;
			buildSettings = {
				ALWAYS_SEARCH_USER_PATHS = NO;
				ASSETCATALOG_COMPILER_GENERATE_SWIFT_ASSET_SYMBOL_EXTENSIONS = YES;
				CLANG_ANALYZER_NONNULL = YES;
				CLANG_ANALYZER_NUMBER_OBJECT_CONVERSION = YES_AGGRESSIVE;
				CLANG_CXX_LANGUAGE_STANDARD = "gnu++20";
				CLANG_ENABLE_MODULES = YES;
				CLANG_ENABLE_OBJC_ARC = YES;
				CLANG_ENABLE_OBJC_WEAK = YES;
				CLANG_WARN_BLOCK_CAPTURE_AUTORELEASING = YES;
				CLANG_WARN_BOOL_CONVERSION = YES;
				CLANG_WARN_COMMA = YES;
				CLANG_WARN_CONSTANT_CONVERSION = YES;
				CLANG_WARN_DEPRECATED_OBJC_IMPLEMENTATIONS = YES;
				CLANG_WARN_DIRECT_OBJC_ISA_USAGE = YES_ERROR;
				CLANG_WARN_DOCUMENTATION_COMMENTS = YES;
				CLANG_WARN_EMPTY_BODY = YES;
				CLANG_WARN_ENUM_CONVERSION = YES;
				CLANG_WARN_INFINITE_RECURSION = YES;
				CLANG_WARN_INT_CONVERSION = YES;
				CLANG_WARN_NON_LITERAL_NULL_CONVERSION = YES;
				CLANG_WARN_OBJC_IMPLICIT_RETAIN_SELF = YES;
				CLANG_WARN_OBJC_LITERAL_CONVERSION = YES;
				CLANG_WARN_OBJC_ROOT_CLASS = YES_ERROR;
				CLANG_WARN_QUOTED_INCLUDE_IN_FRAMEWORK_HEADER = YES;
				CLANG_WARN_RANGE_LOOP_ANALYSIS = YES;
				CLANG_WARN_STRICT_PROTOTYPES = YES;
				CLANG_WARN_SUSPICIOUS_MOVE = YES;
				CLANG_WARN_UNGUARDED_AVAILABILITY = YES_AGGRESSIVE;
				CLANG_WARN_UNREACHABLE_CODE = YES;
				CLANG_WARN__DUPLICATE_METHOD_MATCH = YES;
				COPY_PHASE_STRIP = NO;
				CURRENT_PROJECT_VERSION = 1;
				DEBUG_INFORMATION_FORMAT = dwarf;
				ENABLE_STRICT_OBJC_MSGSEND = YES;
				ENABLE_TESTABILITY = YES;
				ENABLE_USER_SCRIPT_SANDBOXING = YES;
				GCC_C_LANGUAGE_STANDARD = gnu17;
				GCC_DYNAMIC_NO_PIC = NO;
				GCC_NO_COMMON_BLOCKS = YES;
				GCC_OPTIMIZATION_LEVEL = 0;
				GCC_PREPROCESSOR_DEFINITIONS = (
					"DEBUG=1",
					"$(inherited)",
				);
				GCC_WARN_64_TO_32_BIT_CONVERSION = YES;
				GCC_WARN_ABOUT_RETURN_TYPE = YES_ERROR;
				GCC_WARN_UNDECLARED_SELECTOR = YES;
				GCC_WARN_UNINITIALIZED_AUTOS = YES_AGGRESSIVE;
				GCC_WARN_UNUSED_FUNCTION = YES;
				GCC_WARN_UNUSED_VARIABLE = YES;
				LOCALIZATION_PREFERS_STRING_CATALOGS = YES;
				MACOSX_DEPLOYMENT_TARGET = 13.5;
				MTL_ENABLE_DEBUG_INFO = INCLUDE_SOURCE;
				MTL_FAST_MATH = YES;
				ONLY_ACTIVE_ARCH = YES;
				SDKROOT = macosx;
				SWIFT_ACTIVE_COMPILATION_CONDITIONS = "DEBUG $(inherited)";
				SWIFT_OPTIMIZATION_LEVEL = "-Onone";
				SWIFT_STRICT_CONCURRENCY = complete;
				VERSIONING_SYSTEM = "apple-generic";
				VERSION_INFO_PREFIX = "";
			};
			name = Debug;
		};
		A01ADE772B075B7E00598D17 /* Release */ = {
			isa = XCBuildConfiguration;
			buildSettings = {
				ALWAYS_SEARCH_USER_PATHS = NO;
				ASSETCATALOG_COMPILER_GENERATE_SWIFT_ASSET_SYMBOL_EXTENSIONS = YES;
				CLANG_ANALYZER_NONNULL = YES;
				CLANG_ANALYZER_NUMBER_OBJECT_CONVERSION = YES_AGGRESSIVE;
				CLANG_CXX_LANGUAGE_STANDARD = "gnu++20";
				CLANG_ENABLE_MODULES = YES;
				CLANG_ENABLE_OBJC_ARC = YES;
				CLANG_ENABLE_OBJC_WEAK = YES;
				CLANG_WARN_BLOCK_CAPTURE_AUTORELEASING = YES;
				CLANG_WARN_BOOL_CONVERSION = YES;
				CLANG_WARN_COMMA = YES;
				CLANG_WARN_CONSTANT_CONVERSION = YES;
				CLANG_WARN_DEPRECATED_OBJC_IMPLEMENTATIONS = YES;
				CLANG_WARN_DIRECT_OBJC_ISA_USAGE = YES_ERROR;
				CLANG_WARN_DOCUMENTATION_COMMENTS = YES;
				CLANG_WARN_EMPTY_BODY = YES;
				CLANG_WARN_ENUM_CONVERSION = YES;
				CLANG_WARN_INFINITE_RECURSION = YES;
				CLANG_WARN_INT_CONVERSION = YES;
				CLANG_WARN_NON_LITERAL_NULL_CONVERSION = YES;
				CLANG_WARN_OBJC_IMPLICIT_RETAIN_SELF = YES;
				CLANG_WARN_OBJC_LITERAL_CONVERSION = YES;
				CLANG_WARN_OBJC_ROOT_CLASS = YES_ERROR;
				CLANG_WARN_QUOTED_INCLUDE_IN_FRAMEWORK_HEADER = YES;
				CLANG_WARN_RANGE_LOOP_ANALYSIS = YES;
				CLANG_WARN_STRICT_PROTOTYPES = YES;
				CLANG_WARN_SUSPICIOUS_MOVE = YES;
				CLANG_WARN_UNGUARDED_AVAILABILITY = YES_AGGRESSIVE;
				CLANG_WARN_UNREACHABLE_CODE = YES;
				CLANG_WARN__DUPLICATE_METHOD_MATCH = YES;
				COPY_PHASE_STRIP = NO;
				CURRENT_PROJECT_VERSION = 1;
				DEBUG_INFORMATION_FORMAT = "dwarf-with-dsym";
				ENABLE_NS_ASSERTIONS = NO;
				ENABLE_STRICT_OBJC_MSGSEND = YES;
				ENABLE_USER_SCRIPT_SANDBOXING = YES;
				GCC_C_LANGUAGE_STANDARD = gnu17;
				GCC_NO_COMMON_BLOCKS = YES;
				GCC_WARN_64_TO_32_BIT_CONVERSION = YES;
				GCC_WARN_ABOUT_RETURN_TYPE = YES_ERROR;
				GCC_WARN_UNDECLARED_SELECTOR = YES;
				GCC_WARN_UNINITIALIZED_AUTOS = YES_AGGRESSIVE;
				GCC_WARN_UNUSED_FUNCTION = YES;
				GCC_WARN_UNUSED_VARIABLE = YES;
				LOCALIZATION_PREFERS_STRING_CATALOGS = YES;
				MACOSX_DEPLOYMENT_TARGET = 13.5;
				MTL_ENABLE_DEBUG_INFO = NO;
				MTL_FAST_MATH = YES;
				SDKROOT = macosx;
				SWIFT_COMPILATION_MODE = wholemodule;
				SWIFT_STRICT_CONCURRENCY = complete;
				VERSIONING_SYSTEM = "apple-generic";
				VERSION_INFO_PREFIX = "";
			};
			name = Release;
		};
		A01ADE792B075B7E00598D17 /* Debug */ = {
			isa = XCBuildConfiguration;
			buildSettings = {
				CODE_SIGN_STYLE = Automatic;
				COMBINE_HIDPI_IMAGES = YES;
				CURRENT_PROJECT_VERSION = 1;
				DEFINES_MODULE = YES;
				DEVELOPMENT_TEAM = 3RR8WDK6W2;
				DYLIB_COMPATIBILITY_VERSION = 1;
				DYLIB_CURRENT_VERSION = 1;
				DYLIB_INSTALL_NAME_BASE = "@rpath";
				ENABLE_MODULE_VERIFIER = YES;
				GENERATE_INFOPLIST_FILE = YES;
				INFOPLIST_KEY_NSHumanReadableCopyright = "";
				INSTALL_PATH = "$(LOCAL_LIBRARY_DIR)/Frameworks";
				LD_RUNPATH_SEARCH_PATHS = (
					"$(inherited)",
					"@executable_path/../Frameworks",
					"@loader_path/Frameworks",
				);
				MACOSX_DEPLOYMENT_TARGET = 14.0;
				MARKETING_VERSION = 1.0;
				MODULE_VERIFIER_SUPPORTED_LANGUAGES = "objective-c objective-c++";
				MODULE_VERIFIER_SUPPORTED_LANGUAGE_STANDARDS = "gnu17 gnu++20";
				PRODUCT_BUNDLE_IDENTIFIER = "dev.lucasvandongen.Thread-Torture-Tests";
				PRODUCT_NAME = "$(TARGET_NAME:c99extidentifier)";
				SKIP_INSTALL = YES;
				SUPPORTED_PLATFORMS = "iphoneos iphonesimulator macosx";
				SUPPORTS_MACCATALYST = NO;
				SWIFT_EMIT_LOC_STRINGS = YES;
				SWIFT_VERSION = 5.0;
				TARGETED_DEVICE_FAMILY = 1;
			};
			name = Debug;
		};
		A01ADE7A2B075B7E00598D17 /* Release */ = {
			isa = XCBuildConfiguration;
			buildSettings = {
				CODE_SIGN_STYLE = Automatic;
				COMBINE_HIDPI_IMAGES = YES;
				CURRENT_PROJECT_VERSION = 1;
				DEFINES_MODULE = YES;
				DEVELOPMENT_TEAM = 3RR8WDK6W2;
				DYLIB_COMPATIBILITY_VERSION = 1;
				DYLIB_CURRENT_VERSION = 1;
				DYLIB_INSTALL_NAME_BASE = "@rpath";
				ENABLE_MODULE_VERIFIER = YES;
				GENERATE_INFOPLIST_FILE = YES;
				INFOPLIST_KEY_NSHumanReadableCopyright = "";
				INSTALL_PATH = "$(LOCAL_LIBRARY_DIR)/Frameworks";
				LD_RUNPATH_SEARCH_PATHS = (
					"$(inherited)",
					"@executable_path/../Frameworks",
					"@loader_path/Frameworks",
				);
				MACOSX_DEPLOYMENT_TARGET = 14.0;
				MARKETING_VERSION = 1.0;
				MODULE_VERIFIER_SUPPORTED_LANGUAGES = "objective-c objective-c++";
				MODULE_VERIFIER_SUPPORTED_LANGUAGE_STANDARDS = "gnu17 gnu++20";
				PRODUCT_BUNDLE_IDENTIFIER = "dev.lucasvandongen.Thread-Torture-Tests";
				PRODUCT_NAME = "$(TARGET_NAME:c99extidentifier)";
				SKIP_INSTALL = YES;
				SUPPORTED_PLATFORMS = "iphoneos iphonesimulator macosx";
				SUPPORTS_MACCATALYST = NO;
				SWIFT_EMIT_LOC_STRINGS = YES;
				SWIFT_VERSION = 5.0;
				TARGETED_DEVICE_FAMILY = 1;
			};
			name = Release;
		};
		A01ADE7C2B075B7E00598D17 /* Debug */ = {
			isa = XCBuildConfiguration;
			buildSettings = {
				CODE_SIGN_STYLE = Automatic;
				CURRENT_PROJECT_VERSION = 1;
				DEVELOPMENT_TEAM = 3RR8WDK6W2;
				GENERATE_INFOPLIST_FILE = YES;
				MACOSX_DEPLOYMENT_TARGET = 13.5;
				MARKETING_VERSION = 1.0;
				PRODUCT_BUNDLE_IDENTIFIER = "dev.lucasvandongen.Thread-Torture-TestsTests";
				PRODUCT_NAME = "$(TARGET_NAME)";
				SUPPORTED_PLATFORMS = "iphoneos iphonesimulator macosx";
				SUPPORTS_MACCATALYST = NO;
				SWIFT_EMIT_LOC_STRINGS = NO;
				SWIFT_VERSION = 5.0;
				TARGETED_DEVICE_FAMILY = 1;
			};
			name = Debug;
		};
		A01ADE7D2B075B7E00598D17 /* Release */ = {
			isa = XCBuildConfiguration;
			buildSettings = {
				CODE_SIGN_STYLE = Automatic;
				CURRENT_PROJECT_VERSION = 1;
				DEVELOPMENT_TEAM = 3RR8WDK6W2;
				GENERATE_INFOPLIST_FILE = YES;
				MACOSX_DEPLOYMENT_TARGET = 13.5;
				MARKETING_VERSION = 1.0;
				PRODUCT_BUNDLE_IDENTIFIER = "dev.lucasvandongen.Thread-Torture-TestsTests";
				PRODUCT_NAME = "$(TARGET_NAME)";
				SUPPORTED_PLATFORMS = "iphoneos iphonesimulator macosx";
				SUPPORTS_MACCATALYST = NO;
				SWIFT_EMIT_LOC_STRINGS = NO;
				SWIFT_VERSION = 5.0;
				TARGETED_DEVICE_FAMILY = 1;
			};
			name = Release;
		};
/* End XCBuildConfiguration section */

/* Begin XCConfigurationList section */
		A01ADE5E2B075B7D00598D17 /* Build configuration list for PBXProject "Thread Torture" */ = {
			isa = XCConfigurationList;
			buildConfigurations = (
				A01ADE762B075B7E00598D17 /* Debug */,
				A01ADE772B075B7E00598D17 /* Release */,
			);
			defaultConfigurationIsVisible = 0;
			defaultConfigurationName = Release;
		};
		A01ADE782B075B7E00598D17 /* Build configuration list for PBXNativeTarget "Thread Torture" */ = {
			isa = XCConfigurationList;
			buildConfigurations = (
				A01ADE792B075B7E00598D17 /* Debug */,
				A01ADE7A2B075B7E00598D17 /* Release */,
			);
			defaultConfigurationIsVisible = 0;
			defaultConfigurationName = Release;
		};
		A01ADE7B2B075B7E00598D17 /* Build configuration list for PBXNativeTarget "Thread TortureTests" */ = {
			isa = XCConfigurationList;
			buildConfigurations = (
				A01ADE7C2B075B7E00598D17 /* Debug */,
				A01ADE7D2B075B7E00598D17 /* Release */,
			);
			defaultConfigurationIsVisible = 0;
			defaultConfigurationName = Release;
		};
/* End XCConfigurationList section */
	};
	rootObject = A01ADE5B2B075B7D00598D17 /* Project object */;
}
